
Microsoft Visual Studio Solution File, Format Version 12.00
# Visual Studio Version 17
VisualStudioVersion = 17.1.31911.260
MinimumVisualStudioVersion = 10.0.40219.1
Project("{FAE04EC0-301F-11D3-BF4B-00C04F79EFBC}") = "Lab9(OOP)", "Lab9(OOP)\Lab9(OOP).csproj", "{3BA62BCA-6B59-4695-8BCC-D0E03E0A09CD}"
EndProject
Global
	GlobalSection(SolutionConfigurationPlatforms) = preSolution
		Debug|Any CPU = Debug|Any CPU
		Release|Any CPU = Release|Any CPU
	EndGlobalSection
	GlobalSection(ProjectConfigurationPlatforms) = postSolution
		{3BA62BCA-6B59-4695-8BCC-D0E03E0A09CD}.Debug|Any CPU.ActiveCfg = Debug|Any CPU
		{3BA62BCA-6B59-4695-8BCC-D0E03E0A09CD}.Debug|Any CPU.Build.0 = Debug|Any CPU
		{3BA62BCA-6B59-4695-8BCC-D0E03E0A09CD}.Release|Any CPU.ActiveCfg = Release|Any CPU
		{3BA62BCA-6B59-4695-8BCC-D0E03E0A09CD}.Release|Any CPU.Build.0 = Release|Any CPU
	EndGlobalSection
	GlobalSection(SolutionProperties) = preSolution
		HideSolutionNode = FALSE
	EndGlobalSection
	GlobalSection(ExtensibilityGlobals) = postSolution
		SolutionGuid = {AE948D32-F547-47BC-BC93-F8DEEF310351}
	EndGlobalSection
EndGlobal
