
Microsoft Visual Studio Solution File, Format Version 12.00
# Visual Studio Version 17
VisualStudioVersion = 17.2.32526.322
MinimumVisualStudioVersion = 10.0.40219.1
Project("{FAE04EC0-301F-11D3-BF4B-00C04F79EFBC}") = "TechInsp", "TechInsp.csproj", "{5C071C6C-9DA8-4AC9-86B4-0D74B8044C4F}"
EndProject
Global
	GlobalSection(SolutionConfigurationPlatforms) = preSolution
		Debug|Any CPU = Debug|Any CPU
		Release|Any CPU = Release|Any CPU
	EndGlobalSection
	GlobalSection(ProjectConfigurationPlatforms) = postSolution
		{5C071C6C-9DA8-4AC9-86B4-0D74B8044C4F}.Debug|Any CPU.ActiveCfg = Debug|Any CPU
		{5C071C6C-9DA8-4AC9-86B4-0D74B8044C4F}.Debug|Any CPU.Build.0 = Debug|Any CPU
		{5C071C6C-9DA8-4AC9-86B4-0D74B8044C4F}.Release|Any CPU.ActiveCfg = Release|Any CPU
		{5C071C6C-9DA8-4AC9-86B4-0D74B8044C4F}.Release|Any CPU.Build.0 = Release|Any CPU
	EndGlobalSection
	GlobalSection(SolutionProperties) = preSolution
		HideSolutionNode = FALSE
	EndGlobalSection
	GlobalSection(ExtensibilityGlobals) = postSolution
		SolutionGuid = {2C134E92-3BA2-416D-820E-C66406B8EED8}
	EndGlobalSection
EndGlobal
