
Microsoft Visual Studio Solution File, Format Version 12.00
# Visual Studio Version 17
VisualStudioVersion = 17.0.32112.339
MinimumVisualStudioVersion = 10.0.40219.1
Project("{FAE04EC0-301F-11D3-BF4B-00C04F79EFBC}") = "Lab12", "Lab12.csproj", "{4A089E1F-A024-4326-8FD6-8B885C5C3199}"
EndProject
Project("{FAE04EC0-301F-11D3-BF4B-00C04F79EFBC}") = "Lab10Lib", "..\Lab10(inherit)\Lab10Lib\Lab10Lib.csproj", "{FDB2DC90-5009-405F-9791-7AE5A5C5B179}"
EndProject
Global
	GlobalSection(SolutionConfigurationPlatforms) = preSolution
		Debug|Any CPU = Debug|Any CPU
		Debug|x64 = Debug|x64
		Release|Any CPU = Release|Any CPU
		Release|x64 = Release|x64
	EndGlobalSection
	GlobalSection(ProjectConfigurationPlatforms) = postSolution
		{4A089E1F-A024-4326-8FD6-8B885C5C3199}.Debug|Any CPU.ActiveCfg = Debug|Any CPU
		{4A089E1F-A024-4326-8FD6-8B885C5C3199}.Debug|Any CPU.Build.0 = Debug|Any CPU
		{4A089E1F-A024-4326-8FD6-8B885C5C3199}.Debug|x64.ActiveCfg = Debug|x64
		{4A089E1F-A024-4326-8FD6-8B885C5C3199}.Debug|x64.Build.0 = Debug|x64
		{4A089E1F-A024-4326-8FD6-8B885C5C3199}.Release|Any CPU.ActiveCfg = Release|Any CPU
		{4A089E1F-A024-4326-8FD6-8B885C5C3199}.Release|Any CPU.Build.0 = Release|Any CPU
		{4A089E1F-A024-4326-8FD6-8B885C5C3199}.Release|x64.ActiveCfg = Release|Any CPU
		{4A089E1F-A024-4326-8FD6-8B885C5C3199}.Release|x64.Build.0 = Release|Any CPU
		{FDB2DC90-5009-405F-9791-7AE5A5C5B179}.Debug|Any CPU.ActiveCfg = Debug|Any CPU
		{FDB2DC90-5009-405F-9791-7AE5A5C5B179}.Debug|Any CPU.Build.0 = Debug|Any CPU
		{FDB2DC90-5009-405F-9791-7AE5A5C5B179}.Debug|x64.ActiveCfg = Debug|x64
		{FDB2DC90-5009-405F-9791-7AE5A5C5B179}.Debug|x64.Build.0 = Debug|x64
		{FDB2DC90-5009-405F-9791-7AE5A5C5B179}.Release|Any CPU.ActiveCfg = Release|Any CPU
		{FDB2DC90-5009-405F-9791-7AE5A5C5B179}.Release|Any CPU.Build.0 = Release|Any CPU
		{FDB2DC90-5009-405F-9791-7AE5A5C5B179}.Release|x64.ActiveCfg = Release|x64
		{FDB2DC90-5009-405F-9791-7AE5A5C5B179}.Release|x64.Build.0 = Release|x64
	EndGlobalSection
	GlobalSection(SolutionProperties) = preSolution
		HideSolutionNode = FALSE
	EndGlobalSection
	GlobalSection(ExtensibilityGlobals) = postSolution
		SolutionGuid = {58C6C9E7-560A-4CB2-BA67-8DF201D67FC2}
	EndGlobalSection
EndGlobal
